
Microsoft Visual Studio Solution File, Format Version 12.00
# Visual Studio Version 17
VisualStudioVersion = 17.0.32126.317
MinimumVisualStudioVersion = 10.0.40219.1
Project("{9A19103F-16F7-4668-BE54-9A1E7A4F7556}") = "Saltworks.Utility.ApiHelper", "Saltworks.Utility.ApiHelper\Saltworks.Utility.ApiHelper.csproj", "{B79508AB-88F3-483B-9A32-699463DDC11E}"
EndProject
Project("{9A19103F-16F7-4668-BE54-9A1E7A4F7556}") = "Saltworks.Utility.ApiHelper.UnitTests", "Saltworks.Utility.ApiHelper.UnitTests\Saltworks.Utility.ApiHelper.UnitTests.csproj", "{B5CC5948-EEF1-41D1-A85A-9023883528F7}"
EndProject
Project("{9A19103F-16F7-4668-BE54-9A1E7A4F7556}") = "Saltworks.Utility.ApiHelper.TestWeb", "Saltworks.Utility.ApiHelper.TestWeb\Saltworks.Utility.ApiHelper.TestWeb.csproj", "{8BFACE8C-86AC-474E-8ECC-7B053684D48A}"
EndProject
Project("{FAE04EC0-301F-11D3-BF4B-00C04F79EFBC}") = "Saltworks.Utility.ApiHelper.IntegrationTests", "Saltworks.Utility.ApiHelper.IntegrationTests\Saltworks.Utility.ApiHelper.IntegrationTests.csproj", "{1411D46B-A044-4837-BF4F-5C553EEDF43F}"
EndProject
Global
	GlobalSection(SolutionConfigurationPlatforms) = preSolution
		Debug|Any CPU = Debug|Any CPU
		Release|Any CPU = Release|Any CPU
	EndGlobalSection
	GlobalSection(ProjectConfigurationPlatforms) = postSolution
		{B79508AB-88F3-483B-9A32-699463DDC11E}.Debug|Any CPU.ActiveCfg = Debug|Any CPU
		{B79508AB-88F3-483B-9A32-699463DDC11E}.Debug|Any CPU.Build.0 = Debug|Any CPU
		{B79508AB-88F3-483B-9A32-699463DDC11E}.Release|Any CPU.ActiveCfg = Release|Any CPU
		{B79508AB-88F3-483B-9A32-699463DDC11E}.Release|Any CPU.Build.0 = Release|Any CPU
		{B5CC5948-EEF1-41D1-A85A-9023883528F7}.Debug|Any CPU.ActiveCfg = Debug|Any CPU
		{B5CC5948-EEF1-41D1-A85A-9023883528F7}.Debug|Any CPU.Build.0 = Debug|Any CPU
		{B5CC5948-EEF1-41D1-A85A-9023883528F7}.Release|Any CPU.ActiveCfg = Release|Any CPU
		{B5CC5948-EEF1-41D1-A85A-9023883528F7}.Release|Any CPU.Build.0 = Release|Any CPU
		{8BFACE8C-86AC-474E-8ECC-7B053684D48A}.Debug|Any CPU.ActiveCfg = Debug|Any CPU
		{8BFACE8C-86AC-474E-8ECC-7B053684D48A}.Debug|Any CPU.Build.0 = Debug|Any CPU
		{8BFACE8C-86AC-474E-8ECC-7B053684D48A}.Release|Any CPU.ActiveCfg = Release|Any CPU
		{8BFACE8C-86AC-474E-8ECC-7B053684D48A}.Release|Any CPU.Build.0 = Release|Any CPU
		{1411D46B-A044-4837-BF4F-5C553EEDF43F}.Debug|Any CPU.ActiveCfg = Debug|Any CPU
		{1411D46B-A044-4837-BF4F-5C553EEDF43F}.Debug|Any CPU.Build.0 = Debug|Any CPU
		{1411D46B-A044-4837-BF4F-5C553EEDF43F}.Release|Any CPU.ActiveCfg = Release|Any CPU
		{1411D46B-A044-4837-BF4F-5C553EEDF43F}.Release|Any CPU.Build.0 = Release|Any CPU
	EndGlobalSection
	GlobalSection(SolutionProperties) = preSolution
		HideSolutionNode = FALSE
	EndGlobalSection
	GlobalSection(ExtensibilityGlobals) = postSolution
		SolutionGuid = {5B01F635-8096-4B0E-A77B-EAD6CD4B3316}
	EndGlobalSection
EndGlobal
