
Microsoft Visual Studio Solution File, Format Version 12.00
# Visual Studio Version 16
VisualStudioVersion = 25.0.1706.11
MinimumVisualStudioVersion = 10.0.40219.1
Project("{FAE04EC0-301F-11D3-BF4B-00C04F79EFBC}") = "Saltworks.SaltMiner.Manager", "Saltworks.SaltMiner.Manager.csproj", "{661384E7-0F05-4418-8D33-1E0C1E5615BB}"
EndProject
Global
	GlobalSection(SolutionConfigurationPlatforms) = preSolution
		Debug|Any CPU = Debug|Any CPU
		Release|Any CPU = Release|Any CPU
	EndGlobalSection
	GlobalSection(ProjectConfigurationPlatforms) = postSolution
		{661384E7-0F05-4418-8D33-1E0C1E5615BB}.Debug|Any CPU.ActiveCfg = Debug|Any CPU
		{661384E7-0F05-4418-8D33-1E0C1E5615BB}.Debug|Any CPU.Build.0 = Debug|Any CPU
		{661384E7-0F05-4418-8D33-1E0C1E5615BB}.Release|Any CPU.ActiveCfg = Release|Any CPU
		{661384E7-0F05-4418-8D33-1E0C1E5615BB}.Release|Any CPU.Build.0 = Release|Any CPU
	EndGlobalSection
	GlobalSection(SolutionProperties) = preSolution
		HideSolutionNode = FALSE
	EndGlobalSection
	GlobalSection(ExtensibilityGlobals) = postSolution
		SolutionGuid = {6802E0A8-89B2-4C37-8046-D4B69E2C38E3}
	EndGlobalSection
EndGlobal
