
Microsoft Visual Studio Solution File, Format Version 12.00
# Visual Studio Version 17
VisualStudioVersion = 17.1.32319.34
MinimumVisualStudioVersion = 10.0.40219.1
Project("{9A19103F-16F7-4668-BE54-9A1E7A4F7556}") = "Saltworks.SaltMiner.UiApiClient", "Saltworks.SaltMiner.UiApiClient\Saltworks.SaltMiner.UiApiClient.csproj", "{2D6DCE10-395B-4787-97E2-28C18BD93481}"
EndProject
Project("{9A19103F-16F7-4668-BE54-9A1E7A4F7556}") = "Saltworks.SaltMiner.DataClient", "..\Saltworks.SaltMiner.DataClient\Saltworks.SaltMiner.DataClient\Saltworks.SaltMiner.DataClient.csproj", "{CE43B8B9-1D5C-447E-9B1F-02FF847A2216}"
EndProject
Global
	GlobalSection(SolutionConfigurationPlatforms) = preSolution
		Debug|Any CPU = Debug|Any CPU
		Release|Any CPU = Release|Any CPU
	EndGlobalSection
	GlobalSection(ProjectConfigurationPlatforms) = postSolution
		{2D6DCE10-395B-4787-97E2-28C18BD93481}.Debug|Any CPU.ActiveCfg = Debug|Any CPU
		{2D6DCE10-395B-4787-97E2-28C18BD93481}.Debug|Any CPU.Build.0 = Debug|Any CPU
		{2D6DCE10-395B-4787-97E2-28C18BD93481}.Release|Any CPU.ActiveCfg = Release|Any CPU
		{2D6DCE10-395B-4787-97E2-28C18BD93481}.Release|Any CPU.Build.0 = Release|Any CPU
		{CE43B8B9-1D5C-447E-9B1F-02FF847A2216}.Debug|Any CPU.ActiveCfg = Debug|Any CPU
		{CE43B8B9-1D5C-447E-9B1F-02FF847A2216}.Debug|Any CPU.Build.0 = Debug|Any CPU
		{CE43B8B9-1D5C-447E-9B1F-02FF847A2216}.Release|Any CPU.ActiveCfg = Release|Any CPU
		{CE43B8B9-1D5C-447E-9B1F-02FF847A2216}.Release|Any CPU.Build.0 = Release|Any CPU
	EndGlobalSection
	GlobalSection(SolutionProperties) = preSolution
		HideSolutionNode = FALSE
	EndGlobalSection
	GlobalSection(ExtensibilityGlobals) = postSolution
		SolutionGuid = {D7950D68-EFA3-484F-A291-C544AACD74C4}
	EndGlobalSection
EndGlobal
