
Microsoft Visual Studio Solution File, Format Version 12.00
# Visual Studio Version 17
VisualStudioVersion = 17.0.31903.59
MinimumVisualStudioVersion = 10.0.40219.1
Project("{9A19103F-16F7-4668-BE54-9A1E7A4F7556}") = "Saltworks.SaltMiner.DataClient", "Saltworks.SaltMiner.DataClient\Saltworks.SaltMiner.DataClient.csproj", "{7D225CD4-201E-4C9E-BFCD-3F58C706615B}"
EndProject
Project("{9A19103F-16F7-4668-BE54-9A1E7A4F7556}") = "Saltworks.SaltMiner.DataClient.IntegrationTests", "Saltworks.SaltMiner.DataClient.IntegrationTests\Saltworks.SaltMiner.DataClient.IntegrationTests.csproj", "{B5EBBDB7-3A6B-47C2-A79D-820EA2598B86}"
EndProject
Project("{FAE04EC0-301F-11D3-BF4B-00C04F79EFBC}") = "Saltworks.SaltMiner.Core", "..\Saltworks.SaltMiner.Core\Saltworks.SaltMiner.Core\Saltworks.SaltMiner.Core.csproj", "{6BAEDBA8-616E-4169-9C70-CE69789D803F}"
EndProject
Project("{FAE04EC0-301F-11D3-BF4B-00C04F79EFBC}") = "Saltworks.Utility.ApiHelper", "..\Saltworks.ApiClient\Saltworks.Utility.ApiHelper\Saltworks.Utility.ApiHelper.csproj", "{A6A37199-C2DD-4633-841B-4FB4863E6C69}"
EndProject
Global
	GlobalSection(SolutionConfigurationPlatforms) = preSolution
		Debug|Any CPU = Debug|Any CPU
		Release|Any CPU = Release|Any CPU
	EndGlobalSection
	GlobalSection(ProjectConfigurationPlatforms) = postSolution
		{7D225CD4-201E-4C9E-BFCD-3F58C706615B}.Debug|Any CPU.ActiveCfg = Debug|Any CPU
		{7D225CD4-201E-4C9E-BFCD-3F58C706615B}.Debug|Any CPU.Build.0 = Debug|Any CPU
		{7D225CD4-201E-4C9E-BFCD-3F58C706615B}.Release|Any CPU.ActiveCfg = Release|Any CPU
		{7D225CD4-201E-4C9E-BFCD-3F58C706615B}.Release|Any CPU.Build.0 = Release|Any CPU
		{B5EBBDB7-3A6B-47C2-A79D-820EA2598B86}.Debug|Any CPU.ActiveCfg = Debug|Any CPU
		{B5EBBDB7-3A6B-47C2-A79D-820EA2598B86}.Debug|Any CPU.Build.0 = Debug|Any CPU
		{B5EBBDB7-3A6B-47C2-A79D-820EA2598B86}.Release|Any CPU.ActiveCfg = Release|Any CPU
		{B5EBBDB7-3A6B-47C2-A79D-820EA2598B86}.Release|Any CPU.Build.0 = Release|Any CPU
		{6BAEDBA8-616E-4169-9C70-CE69789D803F}.Debug|Any CPU.ActiveCfg = Debug|Any CPU
		{6BAEDBA8-616E-4169-9C70-CE69789D803F}.Debug|Any CPU.Build.0 = Debug|Any CPU
		{6BAEDBA8-616E-4169-9C70-CE69789D803F}.Release|Any CPU.ActiveCfg = Release|Any CPU
		{6BAEDBA8-616E-4169-9C70-CE69789D803F}.Release|Any CPU.Build.0 = Release|Any CPU
		{A6A37199-C2DD-4633-841B-4FB4863E6C69}.Debug|Any CPU.ActiveCfg = Debug|Any CPU
		{A6A37199-C2DD-4633-841B-4FB4863E6C69}.Debug|Any CPU.Build.0 = Debug|Any CPU
		{A6A37199-C2DD-4633-841B-4FB4863E6C69}.Release|Any CPU.ActiveCfg = Release|Any CPU
		{A6A37199-C2DD-4633-841B-4FB4863E6C69}.Release|Any CPU.Build.0 = Release|Any CPU
	EndGlobalSection
	GlobalSection(SolutionProperties) = preSolution
		HideSolutionNode = FALSE
	EndGlobalSection
	GlobalSection(ExtensibilityGlobals) = postSolution
		SolutionGuid = {3772026B-BD06-4FE6-96D2-ED8F5A6C08AE}
	EndGlobalSection
EndGlobal
