
Microsoft Visual Studio Solution File, Format Version 12.00
# Visual Studio Version 17
VisualStudioVersion = 17.0.31903.59
MinimumVisualStudioVersion = 10.0.40219.1
Project("{9A19103F-16F7-4668-BE54-9A1E7A4F7556}") = "Saltworks.SaltMiner.DataApi", "Saltworks.SaltMiner.DataApi\Saltworks.SaltMiner.DataApi.csproj", "{EB70AFAB-2CD2-47B1-AB0D-91236DC76140}"
EndProject
Project("{9A19103F-16F7-4668-BE54-9A1E7A4F7556}") = "Saltworks.SaltMiner.DataApi.IntegrationTests", "Saltworks.SaltMiner.DataApi.Tests\Saltworks.SaltMiner.DataApi.IntegrationTests.csproj", "{AD74A981-6439-44EB-A422-0F3A9AB3724B}"
EndProject
Project("{9A19103F-16F7-4668-BE54-9A1E7A4F7556}") = "Saltworks.SaltMiner.DataApi.UnitTests", "Saltworks.SaltMiner.DataApi.UnitTests\Saltworks.SaltMiner.DataApi.UnitTests.csproj", "{6E357B37-8FDA-44F0-AD3A-52448490789B}"
EndProject
Project("{9A19103F-16F7-4668-BE54-9A1E7A4F7556}") = "Saltworks.SaltMiner.ConfigurationWizard", "..\Saltworks.SaltMiner.ConfigurationWizard\Saltworks.SaltMiner.ConfigurationWizard\Saltworks.SaltMiner.ConfigurationWizard.csproj", "{EBDC58CC-B12D-4E19-86EA-670EF53AD934}"
EndProject
Project("{9A19103F-16F7-4668-BE54-9A1E7A4F7556}") = "Saltworks.SaltMiner.ElasticClient", "..\Saltworks.SaltMiner.ElasticClient\Saltworks.SaltMiner.ElasticClient\Saltworks.SaltMiner.ElasticClient.csproj", "{03F877F6-1F11-43D3-B035-DC7113316A5F}"
EndProject
Project("{9A19103F-16F7-4668-BE54-9A1E7A4F7556}") = "Saltworks.SaltMiner.Licensing.Core", "..\Saltworks.SaltMiner.Licensing\Saltworks.SaltMiner.Licensing.Core\Saltworks.SaltMiner.Licensing.Core.csproj", "{52BFB7CF-BA78-4F07-B723-3BD987B858CC}"
EndProject
Project("{9A19103F-16F7-4668-BE54-9A1E7A4F7556}") = "Saltworks.Utility.ApiHelper", "..\Saltworks.ApiClient\Saltworks.Utility.ApiHelper\Saltworks.Utility.ApiHelper.csproj", "{6C1F984A-788C-469D-9892-147B3D5AA5BC}"
EndProject
Project("{9A19103F-16F7-4668-BE54-9A1E7A4F7556}") = "Saltworks.SaltMiner.ConsoleApp.Core", "..\Saltworks.SaltMiner.ConsoleApp.Core\Saltworks.SaltMiner.ConsoleApp.Core\Saltworks.SaltMiner.ConsoleApp.Core.csproj", "{A85AE263-DDE4-4F8E-9ED6-C72338AC251A}"
EndProject
Project("{FAE04EC0-301F-11D3-BF4B-00C04F79EFBC}") = "Saltworks.SaltMiner.Core", "..\Saltworks.SaltMiner.Core\Saltworks.SaltMiner.Core\Saltworks.SaltMiner.Core.csproj", "{82DBC20C-4012-DFEB-1AF6-0378851BFC35}"
EndProject
Global
	GlobalSection(SolutionConfigurationPlatforms) = preSolution
		Debug|Any CPU = Debug|Any CPU
		Dev|Any CPU = Dev|Any CPU
		Release|Any CPU = Release|Any CPU
	EndGlobalSection
	GlobalSection(ProjectConfigurationPlatforms) = postSolution
		{EB70AFAB-2CD2-47B1-AB0D-91236DC76140}.Debug|Any CPU.ActiveCfg = Debug|Any CPU
		{EB70AFAB-2CD2-47B1-AB0D-91236DC76140}.Debug|Any CPU.Build.0 = Debug|Any CPU
		{EB70AFAB-2CD2-47B1-AB0D-91236DC76140}.Dev|Any CPU.ActiveCfg = Dev|Any CPU
		{EB70AFAB-2CD2-47B1-AB0D-91236DC76140}.Dev|Any CPU.Build.0 = Dev|Any CPU
		{EB70AFAB-2CD2-47B1-AB0D-91236DC76140}.Release|Any CPU.ActiveCfg = Release|Any CPU
		{EB70AFAB-2CD2-47B1-AB0D-91236DC76140}.Release|Any CPU.Build.0 = Release|Any CPU
		{AD74A981-6439-44EB-A422-0F3A9AB3724B}.Debug|Any CPU.ActiveCfg = Debug|Any CPU
		{AD74A981-6439-44EB-A422-0F3A9AB3724B}.Debug|Any CPU.Build.0 = Debug|Any CPU
		{AD74A981-6439-44EB-A422-0F3A9AB3724B}.Dev|Any CPU.ActiveCfg = Dev|Any CPU
		{AD74A981-6439-44EB-A422-0F3A9AB3724B}.Dev|Any CPU.Build.0 = Dev|Any CPU
		{AD74A981-6439-44EB-A422-0F3A9AB3724B}.Release|Any CPU.ActiveCfg = Release|Any CPU
		{AD74A981-6439-44EB-A422-0F3A9AB3724B}.Release|Any CPU.Build.0 = Release|Any CPU
		{6E357B37-8FDA-44F0-AD3A-52448490789B}.Debug|Any CPU.ActiveCfg = Debug|Any CPU
		{6E357B37-8FDA-44F0-AD3A-52448490789B}.Debug|Any CPU.Build.0 = Debug|Any CPU
		{6E357B37-8FDA-44F0-AD3A-52448490789B}.Dev|Any CPU.ActiveCfg = Debug|Any CPU
		{6E357B37-8FDA-44F0-AD3A-52448490789B}.Dev|Any CPU.Build.0 = Debug|Any CPU
		{6E357B37-8FDA-44F0-AD3A-52448490789B}.Release|Any CPU.ActiveCfg = Release|Any CPU
		{6E357B37-8FDA-44F0-AD3A-52448490789B}.Release|Any CPU.Build.0 = Release|Any CPU
		{EBDC58CC-B12D-4E19-86EA-670EF53AD934}.Debug|Any CPU.ActiveCfg = Debug|Any CPU
		{EBDC58CC-B12D-4E19-86EA-670EF53AD934}.Debug|Any CPU.Build.0 = Debug|Any CPU
		{EBDC58CC-B12D-4E19-86EA-670EF53AD934}.Dev|Any CPU.ActiveCfg = Debug|Any CPU
		{EBDC58CC-B12D-4E19-86EA-670EF53AD934}.Dev|Any CPU.Build.0 = Debug|Any CPU
		{EBDC58CC-B12D-4E19-86EA-670EF53AD934}.Release|Any CPU.ActiveCfg = Release|Any CPU
		{EBDC58CC-B12D-4E19-86EA-670EF53AD934}.Release|Any CPU.Build.0 = Release|Any CPU
		{03F877F6-1F11-43D3-B035-DC7113316A5F}.Debug|Any CPU.ActiveCfg = Debug|Any CPU
		{03F877F6-1F11-43D3-B035-DC7113316A5F}.Debug|Any CPU.Build.0 = Debug|Any CPU
		{03F877F6-1F11-43D3-B035-DC7113316A5F}.Dev|Any CPU.ActiveCfg = Debug|Any CPU
		{03F877F6-1F11-43D3-B035-DC7113316A5F}.Dev|Any CPU.Build.0 = Debug|Any CPU
		{03F877F6-1F11-43D3-B035-DC7113316A5F}.Release|Any CPU.ActiveCfg = Release|Any CPU
		{03F877F6-1F11-43D3-B035-DC7113316A5F}.Release|Any CPU.Build.0 = Release|Any CPU
		{52BFB7CF-BA78-4F07-B723-3BD987B858CC}.Debug|Any CPU.ActiveCfg = Debug|Any CPU
		{52BFB7CF-BA78-4F07-B723-3BD987B858CC}.Debug|Any CPU.Build.0 = Debug|Any CPU
		{52BFB7CF-BA78-4F07-B723-3BD987B858CC}.Dev|Any CPU.ActiveCfg = Debug|Any CPU
		{52BFB7CF-BA78-4F07-B723-3BD987B858CC}.Dev|Any CPU.Build.0 = Debug|Any CPU
		{52BFB7CF-BA78-4F07-B723-3BD987B858CC}.Release|Any CPU.ActiveCfg = Release|Any CPU
		{52BFB7CF-BA78-4F07-B723-3BD987B858CC}.Release|Any CPU.Build.0 = Release|Any CPU
		{6C1F984A-788C-469D-9892-147B3D5AA5BC}.Debug|Any CPU.ActiveCfg = Debug|Any CPU
		{6C1F984A-788C-469D-9892-147B3D5AA5BC}.Debug|Any CPU.Build.0 = Debug|Any CPU
		{6C1F984A-788C-469D-9892-147B3D5AA5BC}.Dev|Any CPU.ActiveCfg = Debug|Any CPU
		{6C1F984A-788C-469D-9892-147B3D5AA5BC}.Dev|Any CPU.Build.0 = Debug|Any CPU
		{6C1F984A-788C-469D-9892-147B3D5AA5BC}.Release|Any CPU.ActiveCfg = Release|Any CPU
		{6C1F984A-788C-469D-9892-147B3D5AA5BC}.Release|Any CPU.Build.0 = Release|Any CPU
		{A85AE263-DDE4-4F8E-9ED6-C72338AC251A}.Debug|Any CPU.ActiveCfg = Debug|Any CPU
		{A85AE263-DDE4-4F8E-9ED6-C72338AC251A}.Debug|Any CPU.Build.0 = Debug|Any CPU
		{A85AE263-DDE4-4F8E-9ED6-C72338AC251A}.Dev|Any CPU.ActiveCfg = Debug|Any CPU
		{A85AE263-DDE4-4F8E-9ED6-C72338AC251A}.Dev|Any CPU.Build.0 = Debug|Any CPU
		{A85AE263-DDE4-4F8E-9ED6-C72338AC251A}.Release|Any CPU.ActiveCfg = Release|Any CPU
		{A85AE263-DDE4-4F8E-9ED6-C72338AC251A}.Release|Any CPU.Build.0 = Release|Any CPU
		{82DBC20C-4012-DFEB-1AF6-0378851BFC35}.Debug|Any CPU.ActiveCfg = Debug|Any CPU
		{82DBC20C-4012-DFEB-1AF6-0378851BFC35}.Debug|Any CPU.Build.0 = Debug|Any CPU
		{82DBC20C-4012-DFEB-1AF6-0378851BFC35}.Dev|Any CPU.ActiveCfg = Release|Any CPU
		{82DBC20C-4012-DFEB-1AF6-0378851BFC35}.Dev|Any CPU.Build.0 = Release|Any CPU
		{82DBC20C-4012-DFEB-1AF6-0378851BFC35}.Release|Any CPU.ActiveCfg = Release|Any CPU
		{82DBC20C-4012-DFEB-1AF6-0378851BFC35}.Release|Any CPU.Build.0 = Release|Any CPU
	EndGlobalSection
	GlobalSection(SolutionProperties) = preSolution
		HideSolutionNode = FALSE
	EndGlobalSection
	GlobalSection(ExtensibilityGlobals) = postSolution
		SolutionGuid = {FB7E0B47-9DBA-4D40-A1F7-FCE4227A2111}
	EndGlobalSection
EndGlobal
